
Microsoft Visual Studio Solution File, Format Version 11.00
# Visual Studio 2010
Project("{FAE04EC0-301F-11D3-BF4B-00C04F79EFBC}") = "OfxMerger", "OfxMerger\OfxMerger.csproj", "{1999CB01-050B-462B-93E0-7488896F6A24}"
EndProject
Project("{FAE04EC0-301F-11D3-BF4B-00C04F79EFBC}") = "OfxEditor", "OfxEditor\OfxEditor.csproj", "{08F4CB55-99C0-4365-936C-B0A7359B7ED8}"
EndProject
Project("{FAE04EC0-301F-11D3-BF4B-00C04F79EFBC}") = "Ofx", "OfxCommon\Ofx.csproj", "{FE08DA85-A252-404E-A4CF-DDB9A2F4B8E9}"
EndProject
Project("{FAE04EC0-301F-11D3-BF4B-00C04F79EFBC}") = "AmexOFXCleaner", "AmexOFXCleaner\AmexOFXCleaner.csproj", "{753AB2D2-5579-432D-AE83-B530E0829AF8}"
EndProject
Project("{FAE04EC0-301F-11D3-BF4B-00C04F79EFBC}") = "FineAntsToOFX", "FineAntsToOFX\FineAntsToOFX.csproj", "{E81E6843-A3C4-4A25-94CD-141074391C67}"
EndProject
Project("{FAE04EC0-301F-11D3-BF4B-00C04F79EFBC}") = "OFXToFineAnts", "OFXToFineAnts\OFXToFineAnts.csproj", "{D0CECA03-8334-427E-BB0B-17CF919E84EE}"
EndProject
Project("{FAE04EC0-301F-11D3-BF4B-00C04F79EFBC}") = "HSBCToFineAnts", "HSBCToFineAnts\HSBCToFineAnts.csproj", "{7EA3BD89-F48C-446D-A9BF-E989B2089152}"
EndProject
Project("{FAE04EC0-301F-11D3-BF4B-00C04F79EFBC}") = "FirstDirectCSVToFineAnts", "FirstDirectCSVToFineAnts\FirstDirectCSVToFineAnts.csproj", "{FFD57F57-5067-4D4D-83D4-2CAD205EC281}"
EndProject
Global
	GlobalSection(SolutionConfigurationPlatforms) = preSolution
		Debug|Any CPU = Debug|Any CPU
		Release|Any CPU = Release|Any CPU
	EndGlobalSection
	GlobalSection(ProjectConfigurationPlatforms) = postSolution
		{1999CB01-050B-462B-93E0-7488896F6A24}.Debug|Any CPU.ActiveCfg = Debug|Any CPU
		{1999CB01-050B-462B-93E0-7488896F6A24}.Debug|Any CPU.Build.0 = Debug|Any CPU
		{1999CB01-050B-462B-93E0-7488896F6A24}.Release|Any CPU.ActiveCfg = Release|Any CPU
		{1999CB01-050B-462B-93E0-7488896F6A24}.Release|Any CPU.Build.0 = Release|Any CPU
		{08F4CB55-99C0-4365-936C-B0A7359B7ED8}.Debug|Any CPU.ActiveCfg = Debug|Any CPU
		{08F4CB55-99C0-4365-936C-B0A7359B7ED8}.Debug|Any CPU.Build.0 = Debug|Any CPU
		{08F4CB55-99C0-4365-936C-B0A7359B7ED8}.Release|Any CPU.ActiveCfg = Release|Any CPU
		{08F4CB55-99C0-4365-936C-B0A7359B7ED8}.Release|Any CPU.Build.0 = Release|Any CPU
		{FE08DA85-A252-404E-A4CF-DDB9A2F4B8E9}.Debug|Any CPU.ActiveCfg = Debug|Any CPU
		{FE08DA85-A252-404E-A4CF-DDB9A2F4B8E9}.Debug|Any CPU.Build.0 = Debug|Any CPU
		{FE08DA85-A252-404E-A4CF-DDB9A2F4B8E9}.Release|Any CPU.ActiveCfg = Release|Any CPU
		{FE08DA85-A252-404E-A4CF-DDB9A2F4B8E9}.Release|Any CPU.Build.0 = Release|Any CPU
		{753AB2D2-5579-432D-AE83-B530E0829AF8}.Debug|Any CPU.ActiveCfg = Debug|Any CPU
		{753AB2D2-5579-432D-AE83-B530E0829AF8}.Debug|Any CPU.Build.0 = Debug|Any CPU
		{753AB2D2-5579-432D-AE83-B530E0829AF8}.Release|Any CPU.ActiveCfg = Release|Any CPU
		{753AB2D2-5579-432D-AE83-B530E0829AF8}.Release|Any CPU.Build.0 = Release|Any CPU
		{E81E6843-A3C4-4A25-94CD-141074391C67}.Debug|Any CPU.ActiveCfg = Debug|Any CPU
		{E81E6843-A3C4-4A25-94CD-141074391C67}.Release|Any CPU.ActiveCfg = Release|Any CPU
		{E81E6843-A3C4-4A25-94CD-141074391C67}.Release|Any CPU.Build.0 = Release|Any CPU
		{D0CECA03-8334-427E-BB0B-17CF919E84EE}.Debug|Any CPU.ActiveCfg = Debug|Any CPU
		{D0CECA03-8334-427E-BB0B-17CF919E84EE}.Debug|Any CPU.Build.0 = Debug|Any CPU
		{D0CECA03-8334-427E-BB0B-17CF919E84EE}.Release|Any CPU.ActiveCfg = Release|Any CPU
		{D0CECA03-8334-427E-BB0B-17CF919E84EE}.Release|Any CPU.Build.0 = Release|Any CPU
		{7EA3BD89-F48C-446D-A9BF-E989B2089152}.Debug|Any CPU.ActiveCfg = Debug|Any CPU
		{7EA3BD89-F48C-446D-A9BF-E989B2089152}.Debug|Any CPU.Build.0 = Debug|Any CPU
		{7EA3BD89-F48C-446D-A9BF-E989B2089152}.Release|Any CPU.ActiveCfg = Release|Any CPU
		{7EA3BD89-F48C-446D-A9BF-E989B2089152}.Release|Any CPU.Build.0 = Release|Any CPU
		{FFD57F57-5067-4D4D-83D4-2CAD205EC281}.Debug|Any CPU.ActiveCfg = Debug|Any CPU
		{FFD57F57-5067-4D4D-83D4-2CAD205EC281}.Debug|Any CPU.Build.0 = Debug|Any CPU
		{FFD57F57-5067-4D4D-83D4-2CAD205EC281}.Release|Any CPU.ActiveCfg = Release|Any CPU
		{FFD57F57-5067-4D4D-83D4-2CAD205EC281}.Release|Any CPU.Build.0 = Release|Any CPU
	EndGlobalSection
	GlobalSection(SolutionProperties) = preSolution
		HideSolutionNode = FALSE
	EndGlobalSection
EndGlobal
